{
  "name": "eslint-config-adpyke-react-native",
  "version": "1.0.9",
  "lockfileVersion": 1,
  "requires": true,
  "dependencies": {
    "eslint-config-adpyke-es6": {
      "version": "1.4.6",
      "resolved": "https://registry.npmjs.org/eslint-config-adpyke-es6/-/eslint-config-adpyke-es6-1.4.6.tgz",
      "integrity": "sha512-UaADcwmNOWsxD4HJ3p3O2BJrTx75Qt4qIUKWlME7RWS4/7BUcgjrd+b2VjCW0O5vKxYF85Dgy94EepPRml5uoQ=="
    },
    "eslint-config-adpyke-react": {
      "version": "1.2.5",
      "resolved": "https://registry.npmjs.org/eslint-config-adpyke-react/-/eslint-config-adpyke-react-1.2.5.tgz",
      "integrity": "sha512-9v1SktbLAnWHrSmfTJj+c7IfF/DOsnEd4c0CD4X6geScO8pymzlS+2pXRAg5sqsUZTw+//JzcH4QThDVqfPb5A==",
      "requires": {
        "eslint-config-adpyke-es6": "^1.4.6"
      }
    }
  }
}
