{
  "name": "eslint-config-adpyke-react-native",
  "version": "1.0.2",
  "lockfileVersion": 1,
  "requires": true,
  "dependencies": {
    "eslint-config-adpyke-es6": {
      "version": "1.4.3",
      "resolved": "https://registry.npmjs.org/eslint-config-adpyke-es6/-/eslint-config-adpyke-es6-1.4.3.tgz",
      "integrity": "sha512-sL8WqpRpKkgI6NQheAmc6VoYQG8UpHkZjmDHSWNzke0tzAA7Z9vAuasTKe0O7sQm26IijaRu+5U2JP5Ox9NNTQ=="
    },
    "eslint-config-adpyke-react": {
      "version": "1.1.0",
      "resolved": "https://registry.npmjs.org/eslint-config-adpyke-react/-/eslint-config-adpyke-react-1.1.0.tgz",
      "integrity": "sha512-CNNcR+GnG9cYQYX0Hgzgna8liTne/7ke178nIektuHilYlpOFoGVro3WdAE78OhXYhIh05aSQlix3U2n2A3FQA==",
      "requires": {
        "eslint-config-adpyke-es6": "^1.4.2"
      }
    }
  }
}
