{
  "name": "eslint-config-adpyke-react-native",
  "version": "1.0.11",
  "lockfileVersion": 1,
  "requires": true,
  "dependencies": {
    "eslint-config-adpyke-es6": {
      "version": "1.4.12",
      "resolved": "https://registry.npmjs.org/eslint-config-adpyke-es6/-/eslint-config-adpyke-es6-1.4.12.tgz",
      "integrity": "sha512-iwVfOG6SBKCI/BnXAeTMz9C6n31CZEyv7rsEt7yjUXsj31LGV1u5LOZ4GO4QMCZzaBr6UKTEX8YMCFxhUdOaWQ=="
    },
    "eslint-config-adpyke-react": {
      "version": "1.2.12",
      "resolved": "https://registry.npmjs.org/eslint-config-adpyke-react/-/eslint-config-adpyke-react-1.2.12.tgz",
      "integrity": "sha512-AakZ+m9B0q+FbK59BiuyWTk1PlxzTGMiIPEVabMmPNMwRo03brOnlXxjCbACp5Sz/S18/i0T9VnAkFVaiFIS3w==",
      "requires": {
        "eslint-config-adpyke-es6": "^1.4.12"
      }
    },
    "eslint-config-prettier": {
      "version": "6.2.0",
      "resolved": "https://registry.npmjs.org/eslint-config-prettier/-/eslint-config-prettier-6.2.0.tgz",
      "integrity": "sha512-VLsgK/D+S/FEsda7Um1+N8FThec6LqE3vhcMyp8mlmto97y3fGf3DX7byJexGuOb1QY0Z/zz222U5t+xSfcZDQ==",
      "dev": true,
      "requires": {
        "get-stdin": "^6.0.0"
      }
    },
    "get-stdin": {
      "version": "6.0.0",
      "resolved": "https://registry.npmjs.org/get-stdin/-/get-stdin-6.0.0.tgz",
      "integrity": "sha512-jp4tHawyV7+fkkSKyvjuLZswblUtz+SQKzSWnBbii16BuZksJlU1wuBYXY75r+duh/llF1ur6oNwi+2ZzjKZ7g==",
      "dev": true
    },
    "prettier": {
      "version": "1.18.2",
      "resolved": "https://registry.npmjs.org/prettier/-/prettier-1.18.2.tgz",
      "integrity": "sha512-OeHeMc0JhFE9idD4ZdtNibzY0+TPHSpSSb9h8FqtP+YnoZZ1sl8Vc9b1sasjfymH3SonAF4QcA2+mzHPhMvIiw==",
      "dev": true
    }
  }
}
